
Microsoft Visual Studio Solution File, Format Version 12.00
# Visual Studio 15
VisualStudioVersion = 15.0.28307.106
MinimumVisualStudioVersion = 10.0.40219.1
Project("{FAE04EC0-301F-11D3-BF4B-00C04F79EFBC}") = "TriviaVS", "TriviaVS\TriviaVS.csproj", "{6316A85C-5107-402B-8C57-D8E7509B311D}"
EndProject
Global
	GlobalSection(SolutionConfigurationPlatforms) = preSolution
		Debug|Any CPU = Debug|Any CPU
		Release|Any CPU = Release|Any CPU
	EndGlobalSection
	GlobalSection(ProjectConfigurationPlatforms) = postSolution
		{6316A85C-5107-402B-8C57-D8E7509B311D}.Debug|Any CPU.ActiveCfg = Debug|Any CPU
		{6316A85C-5107-402B-8C57-D8E7509B311D}.Debug|Any CPU.Build.0 = Debug|Any CPU
		{6316A85C-5107-402B-8C57-D8E7509B311D}.Release|Any CPU.ActiveCfg = Release|Any CPU
		{6316A85C-5107-402B-8C57-D8E7509B311D}.Release|Any CPU.Build.0 = Release|Any CPU
	EndGlobalSection
	GlobalSection(SolutionProperties) = preSolution
		HideSolutionNode = FALSE
	EndGlobalSection
	GlobalSection(ExtensibilityGlobals) = postSolution
		SolutionGuid = {5E4A53C5-E1D2-420A-9F79-1B556193AD13}
	EndGlobalSection
EndGlobal
